{
  "name": "contracts",
  "version": "0.1.0",
  "lockfileVersion": 1,
  "requires": true,
  "dependencies": {
    "@openzeppelin/contracts-upgradeable": {
      "version": "3.4.2",
      "resolved": "https://registry.npmjs.org/@openzeppelin/contracts-upgradeable/-/contracts-upgradeable-3.4.2.tgz",
      "integrity": "sha512-mDlBS17ymb2wpaLcrqRYdnBAmP1EwqhOXMvqWk2c5Q1N1pm5TkiCtXM9Xzznh4bYsQBq0aIWEkFFE2+iLSN1Tw=="
    }
  }
}
